
Microsoft Visual Studio Solution File, Format Version 12.00
# Visual Studio Version 17
VisualStudioVersion = 17.0.31903.59
MinimumVisualStudioVersion = 10.0.40219.1
Project("{FAE04EC0-301F-11D3-BF4B-00C04F79EFBC}") = "Playground", "playground\Playground.csproj", "{B452E423-F909-45DF-B9C8-2EFBED5DA2CE}"
EndProject
Project("{2150E333-8FDC-42A3-9474-1A3956D46DE8}") = "projects", "projects", "{C6990338-31DB-4CD2-BC63-DA0C25A8F043}"
EndProject
Project("{FAE04EC0-301F-11D3-BF4B-00C04F79EFBC}") = "TinkState", "projects\TinkState\TinkState.csproj", "{6B383783-3B6F-4685-A506-1E502392E83B}"
EndProject
Project("{FAE04EC0-301F-11D3-BF4B-00C04F79EFBC}") = "TinkState-Test", "projects\TinkState-Test\TinkState-Test.csproj", "{DA5CD7B7-76F9-4C6D-875D-36219E9D1086}"
EndProject
Project("{FAE04EC0-301F-11D3-BF4B-00C04F79EFBC}") = "TinkState-Unity", "projects\TinkState-Unity\TinkState-Unity.csproj", "{FBE6AC15-3025-45FA-A8EA-FBFD05A7B25F}"
EndProject
Project("{FAE04EC0-301F-11D3-BF4B-00C04F79EFBC}") = "TinkState-Unity-Test", "projects\TinkState-Unity-Test\TinkState-Unity-Test.csproj", "{7CC48BB6-A797-449D-B681-44A364271C97}"
EndProject
Project("{FAE04EC0-301F-11D3-BF4B-00C04F79EFBC}") = "TinkState-Model", "projects\TinkState-Model\TinkState-Model.csproj", "{05A279B3-BE32-44D6-90B2-EB1DE219B6FE}"
EndProject
Project("{FAE04EC0-301F-11D3-BF4B-00C04F79EFBC}") = "TinkState-Model-Weaver", "projects\TinkState-Model-Weaver\TinkState-Model-Weaver.csproj", "{2B3E252A-79C9-4190-B03A-CA2C4C4D79C0}"
EndProject
Project("{FAE04EC0-301F-11D3-BF4B-00C04F79EFBC}") = "TinkState-Model-Weaver-Unity", "projects\TinkState-Model-Weaver-Unity\TinkState-Model-Weaver-Unity.csproj", "{FD579783-E58A-4D86-8CF9-C52D3FE4D96E}"
EndProject
Global
	GlobalSection(SolutionProperties) = preSolution
		HideSolutionNode = FALSE
	EndGlobalSection
	GlobalSection(SolutionConfigurationPlatforms) = preSolution
		Debug|Any CPU = Debug|Any CPU
		Debug|x64 = Debug|x64
		Debug|x86 = Debug|x86
		Release|Any CPU = Release|Any CPU
		Release|x64 = Release|x64
		Release|x86 = Release|x86
	EndGlobalSection
	GlobalSection(ProjectConfigurationPlatforms) = postSolution
		{B452E423-F909-45DF-B9C8-2EFBED5DA2CE}.Debug|Any CPU.ActiveCfg = Debug|Any CPU
		{B452E423-F909-45DF-B9C8-2EFBED5DA2CE}.Debug|Any CPU.Build.0 = Debug|Any CPU
		{B452E423-F909-45DF-B9C8-2EFBED5DA2CE}.Debug|x64.ActiveCfg = Debug|Any CPU
		{B452E423-F909-45DF-B9C8-2EFBED5DA2CE}.Debug|x64.Build.0 = Debug|Any CPU
		{B452E423-F909-45DF-B9C8-2EFBED5DA2CE}.Debug|x86.ActiveCfg = Debug|Any CPU
		{B452E423-F909-45DF-B9C8-2EFBED5DA2CE}.Debug|x86.Build.0 = Debug|Any CPU
		{B452E423-F909-45DF-B9C8-2EFBED5DA2CE}.Release|Any CPU.ActiveCfg = Release|Any CPU
		{B452E423-F909-45DF-B9C8-2EFBED5DA2CE}.Release|Any CPU.Build.0 = Release|Any CPU
		{B452E423-F909-45DF-B9C8-2EFBED5DA2CE}.Release|x64.ActiveCfg = Release|Any CPU
		{B452E423-F909-45DF-B9C8-2EFBED5DA2CE}.Release|x64.Build.0 = Release|Any CPU
		{B452E423-F909-45DF-B9C8-2EFBED5DA2CE}.Release|x86.ActiveCfg = Release|Any CPU
		{B452E423-F909-45DF-B9C8-2EFBED5DA2CE}.Release|x86.Build.0 = Release|Any CPU
		{6B383783-3B6F-4685-A506-1E502392E83B}.Debug|Any CPU.ActiveCfg = Debug|Any CPU
		{6B383783-3B6F-4685-A506-1E502392E83B}.Debug|Any CPU.Build.0 = Debug|Any CPU
		{6B383783-3B6F-4685-A506-1E502392E83B}.Debug|x64.ActiveCfg = Debug|Any CPU
		{6B383783-3B6F-4685-A506-1E502392E83B}.Debug|x64.Build.0 = Debug|Any CPU
		{6B383783-3B6F-4685-A506-1E502392E83B}.Debug|x86.ActiveCfg = Debug|Any CPU
		{6B383783-3B6F-4685-A506-1E502392E83B}.Debug|x86.Build.0 = Debug|Any CPU
		{6B383783-3B6F-4685-A506-1E502392E83B}.Release|Any CPU.ActiveCfg = Release|Any CPU
		{6B383783-3B6F-4685-A506-1E502392E83B}.Release|Any CPU.Build.0 = Release|Any CPU
		{6B383783-3B6F-4685-A506-1E502392E83B}.Release|x64.ActiveCfg = Release|Any CPU
		{6B383783-3B6F-4685-A506-1E502392E83B}.Release|x64.Build.0 = Release|Any CPU
		{6B383783-3B6F-4685-A506-1E502392E83B}.Release|x86.ActiveCfg = Release|Any CPU
		{6B383783-3B6F-4685-A506-1E502392E83B}.Release|x86.Build.0 = Release|Any CPU
		{DA5CD7B7-76F9-4C6D-875D-36219E9D1086}.Debug|Any CPU.ActiveCfg = Debug|Any CPU
		{DA5CD7B7-76F9-4C6D-875D-36219E9D1086}.Debug|Any CPU.Build.0 = Debug|Any CPU
		{DA5CD7B7-76F9-4C6D-875D-36219E9D1086}.Debug|x64.ActiveCfg = Debug|Any CPU
		{DA5CD7B7-76F9-4C6D-875D-36219E9D1086}.Debug|x64.Build.0 = Debug|Any CPU
		{DA5CD7B7-76F9-4C6D-875D-36219E9D1086}.Debug|x86.ActiveCfg = Debug|Any CPU
		{DA5CD7B7-76F9-4C6D-875D-36219E9D1086}.Debug|x86.Build.0 = Debug|Any CPU
		{DA5CD7B7-76F9-4C6D-875D-36219E9D1086}.Release|Any CPU.ActiveCfg = Release|Any CPU
		{DA5CD7B7-76F9-4C6D-875D-36219E9D1086}.Release|Any CPU.Build.0 = Release|Any CPU
		{DA5CD7B7-76F9-4C6D-875D-36219E9D1086}.Release|x64.ActiveCfg = Release|Any CPU
		{DA5CD7B7-76F9-4C6D-875D-36219E9D1086}.Release|x64.Build.0 = Release|Any CPU
		{DA5CD7B7-76F9-4C6D-875D-36219E9D1086}.Release|x86.ActiveCfg = Release|Any CPU
		{DA5CD7B7-76F9-4C6D-875D-36219E9D1086}.Release|x86.Build.0 = Release|Any CPU
		{FBE6AC15-3025-45FA-A8EA-FBFD05A7B25F}.Debug|Any CPU.ActiveCfg = Debug|Any CPU
		{FBE6AC15-3025-45FA-A8EA-FBFD05A7B25F}.Debug|Any CPU.Build.0 = Debug|Any CPU
		{FBE6AC15-3025-45FA-A8EA-FBFD05A7B25F}.Debug|x64.ActiveCfg = Debug|Any CPU
		{FBE6AC15-3025-45FA-A8EA-FBFD05A7B25F}.Debug|x64.Build.0 = Debug|Any CPU
		{FBE6AC15-3025-45FA-A8EA-FBFD05A7B25F}.Debug|x86.ActiveCfg = Debug|Any CPU
		{FBE6AC15-3025-45FA-A8EA-FBFD05A7B25F}.Debug|x86.Build.0 = Debug|Any CPU
		{FBE6AC15-3025-45FA-A8EA-FBFD05A7B25F}.Release|Any CPU.ActiveCfg = Release|Any CPU
		{FBE6AC15-3025-45FA-A8EA-FBFD05A7B25F}.Release|Any CPU.Build.0 = Release|Any CPU
		{FBE6AC15-3025-45FA-A8EA-FBFD05A7B25F}.Release|x64.ActiveCfg = Release|Any CPU
		{FBE6AC15-3025-45FA-A8EA-FBFD05A7B25F}.Release|x64.Build.0 = Release|Any CPU
		{FBE6AC15-3025-45FA-A8EA-FBFD05A7B25F}.Release|x86.ActiveCfg = Release|Any CPU
		{FBE6AC15-3025-45FA-A8EA-FBFD05A7B25F}.Release|x86.Build.0 = Release|Any CPU
		{7CC48BB6-A797-449D-B681-44A364271C97}.Debug|Any CPU.ActiveCfg = Debug|Any CPU
		{7CC48BB6-A797-449D-B681-44A364271C97}.Debug|Any CPU.Build.0 = Debug|Any CPU
		{7CC48BB6-A797-449D-B681-44A364271C97}.Debug|x64.ActiveCfg = Debug|Any CPU
		{7CC48BB6-A797-449D-B681-44A364271C97}.Debug|x64.Build.0 = Debug|Any CPU
		{7CC48BB6-A797-449D-B681-44A364271C97}.Debug|x86.ActiveCfg = Debug|Any CPU
		{7CC48BB6-A797-449D-B681-44A364271C97}.Debug|x86.Build.0 = Debug|Any CPU
		{7CC48BB6-A797-449D-B681-44A364271C97}.Release|Any CPU.ActiveCfg = Release|Any CPU
		{7CC48BB6-A797-449D-B681-44A364271C97}.Release|Any CPU.Build.0 = Release|Any CPU
		{7CC48BB6-A797-449D-B681-44A364271C97}.Release|x64.ActiveCfg = Release|Any CPU
		{7CC48BB6-A797-449D-B681-44A364271C97}.Release|x64.Build.0 = Release|Any CPU
		{7CC48BB6-A797-449D-B681-44A364271C97}.Release|x86.ActiveCfg = Release|Any CPU
		{7CC48BB6-A797-449D-B681-44A364271C97}.Release|x86.Build.0 = Release|Any CPU
		{05A279B3-BE32-44D6-90B2-EB1DE219B6FE}.Debug|Any CPU.ActiveCfg = Debug|Any CPU
		{05A279B3-BE32-44D6-90B2-EB1DE219B6FE}.Debug|Any CPU.Build.0 = Debug|Any CPU
		{05A279B3-BE32-44D6-90B2-EB1DE219B6FE}.Debug|x64.ActiveCfg = Debug|Any CPU
		{05A279B3-BE32-44D6-90B2-EB1DE219B6FE}.Debug|x64.Build.0 = Debug|Any CPU
		{05A279B3-BE32-44D6-90B2-EB1DE219B6FE}.Debug|x86.ActiveCfg = Debug|Any CPU
		{05A279B3-BE32-44D6-90B2-EB1DE219B6FE}.Debug|x86.Build.0 = Debug|Any CPU
		{05A279B3-BE32-44D6-90B2-EB1DE219B6FE}.Release|Any CPU.ActiveCfg = Release|Any CPU
		{05A279B3-BE32-44D6-90B2-EB1DE219B6FE}.Release|Any CPU.Build.0 = Release|Any CPU
		{05A279B3-BE32-44D6-90B2-EB1DE219B6FE}.Release|x64.ActiveCfg = Release|Any CPU
		{05A279B3-BE32-44D6-90B2-EB1DE219B6FE}.Release|x64.Build.0 = Release|Any CPU
		{05A279B3-BE32-44D6-90B2-EB1DE219B6FE}.Release|x86.ActiveCfg = Release|Any CPU
		{05A279B3-BE32-44D6-90B2-EB1DE219B6FE}.Release|x86.Build.0 = Release|Any CPU
		{2B3E252A-79C9-4190-B03A-CA2C4C4D79C0}.Debug|Any CPU.ActiveCfg = Debug|Any CPU
		{2B3E252A-79C9-4190-B03A-CA2C4C4D79C0}.Debug|Any CPU.Build.0 = Debug|Any CPU
		{2B3E252A-79C9-4190-B03A-CA2C4C4D79C0}.Debug|x64.ActiveCfg = Debug|Any CPU
		{2B3E252A-79C9-4190-B03A-CA2C4C4D79C0}.Debug|x64.Build.0 = Debug|Any CPU
		{2B3E252A-79C9-4190-B03A-CA2C4C4D79C0}.Debug|x86.ActiveCfg = Debug|Any CPU
		{2B3E252A-79C9-4190-B03A-CA2C4C4D79C0}.Debug|x86.Build.0 = Debug|Any CPU
		{2B3E252A-79C9-4190-B03A-CA2C4C4D79C0}.Release|Any CPU.ActiveCfg = Release|Any CPU
		{2B3E252A-79C9-4190-B03A-CA2C4C4D79C0}.Release|Any CPU.Build.0 = Release|Any CPU
		{2B3E252A-79C9-4190-B03A-CA2C4C4D79C0}.Release|x64.ActiveCfg = Release|Any CPU
		{2B3E252A-79C9-4190-B03A-CA2C4C4D79C0}.Release|x64.Build.0 = Release|Any CPU
		{2B3E252A-79C9-4190-B03A-CA2C4C4D79C0}.Release|x86.ActiveCfg = Release|Any CPU
		{2B3E252A-79C9-4190-B03A-CA2C4C4D79C0}.Release|x86.Build.0 = Release|Any CPU
		{FD579783-E58A-4D86-8CF9-C52D3FE4D96E}.Debug|Any CPU.ActiveCfg = Debug|Any CPU
		{FD579783-E58A-4D86-8CF9-C52D3FE4D96E}.Debug|Any CPU.Build.0 = Debug|Any CPU
		{FD579783-E58A-4D86-8CF9-C52D3FE4D96E}.Debug|x64.ActiveCfg = Debug|Any CPU
		{FD579783-E58A-4D86-8CF9-C52D3FE4D96E}.Debug|x64.Build.0 = Debug|Any CPU
		{FD579783-E58A-4D86-8CF9-C52D3FE4D96E}.Debug|x86.ActiveCfg = Debug|Any CPU
		{FD579783-E58A-4D86-8CF9-C52D3FE4D96E}.Debug|x86.Build.0 = Debug|Any CPU
		{FD579783-E58A-4D86-8CF9-C52D3FE4D96E}.Release|Any CPU.ActiveCfg = Release|Any CPU
		{FD579783-E58A-4D86-8CF9-C52D3FE4D96E}.Release|Any CPU.Build.0 = Release|Any CPU
		{FD579783-E58A-4D86-8CF9-C52D3FE4D96E}.Release|x64.ActiveCfg = Release|Any CPU
		{FD579783-E58A-4D86-8CF9-C52D3FE4D96E}.Release|x64.Build.0 = Release|Any CPU
		{FD579783-E58A-4D86-8CF9-C52D3FE4D96E}.Release|x86.ActiveCfg = Release|Any CPU
		{FD579783-E58A-4D86-8CF9-C52D3FE4D96E}.Release|x86.Build.0 = Release|Any CPU
	EndGlobalSection
	GlobalSection(NestedProjects) = preSolution
		{6B383783-3B6F-4685-A506-1E502392E83B} = {C6990338-31DB-4CD2-BC63-DA0C25A8F043}
		{DA5CD7B7-76F9-4C6D-875D-36219E9D1086} = {C6990338-31DB-4CD2-BC63-DA0C25A8F043}
		{FBE6AC15-3025-45FA-A8EA-FBFD05A7B25F} = {C6990338-31DB-4CD2-BC63-DA0C25A8F043}
		{7CC48BB6-A797-449D-B681-44A364271C97} = {C6990338-31DB-4CD2-BC63-DA0C25A8F043}
		{05A279B3-BE32-44D6-90B2-EB1DE219B6FE} = {C6990338-31DB-4CD2-BC63-DA0C25A8F043}
		{2B3E252A-79C9-4190-B03A-CA2C4C4D79C0} = {C6990338-31DB-4CD2-BC63-DA0C25A8F043}
		{FD579783-E58A-4D86-8CF9-C52D3FE4D96E} = {C6990338-31DB-4CD2-BC63-DA0C25A8F043}
	EndGlobalSection
EndGlobal
